
Microsoft Visual Studio Solution File, Format Version 12.00
# Visual Studio Version 17
VisualStudioVersion = 17.14.36429.23 d17.14
MinimumVisualStudioVersion = 10.0.40219.1
Project("{FAE04EC0-301F-11D3-BF4B-00C04F79EFBC}") = "G-Net-34-LINQ01", "G-Net-34-LINQ01\G-Net-34-LINQ01.csproj", "{17187E6A-CD2C-42A2-938E-794F1B4731C4}"
EndProject
Global
	GlobalSection(SolutionConfigurationPlatforms) = preSolution
		Debug|Any CPU = Debug|Any CPU
		Release|Any CPU = Release|Any CPU
	EndGlobalSection
	GlobalSection(ProjectConfigurationPlatforms) = postSolution
		{17187E6A-CD2C-42A2-938E-794F1B4731C4}.Debug|Any CPU.ActiveCfg = Debug|Any CPU
		{17187E6A-CD2C-42A2-938E-794F1B4731C4}.Debug|Any CPU.Build.0 = Debug|Any CPU
		{17187E6A-CD2C-42A2-938E-794F1B4731C4}.Release|Any CPU.ActiveCfg = Release|Any CPU
		{17187E6A-CD2C-42A2-938E-794F1B4731C4}.Release|Any CPU.Build.0 = Release|Any CPU
	EndGlobalSection
	GlobalSection(SolutionProperties) = preSolution
		HideSolutionNode = FALSE
	EndGlobalSection
	GlobalSection(ExtensibilityGlobals) = postSolution
		SolutionGuid = {B563278F-BBF8-46BA-BCFD-BC1DDBBE49C1}
	EndGlobalSection
EndGlobal
